
Microsoft Visual Studio Solution File, Format Version 11.00
# Visual Studio 2010
Project("{FAE04EC0-301F-11D3-BF4B-00C04F79EFBC}") = "AdvanceFPS2", "Assembly-CSharp-firstpass.csproj", "{783FFDB7-BD9D-7AA0-AC6D-08EBCCF9C7B7}"
EndProject
Project("{FAE04EC0-301F-11D3-BF4B-00C04F79EFBC}") = "AdvanceFPS2", "Assembly-CSharp.csproj", "{B4E8B6C4-698C-2A17-7B24-3C7179D4CDB1}"
EndProject
Project("{FAE04EC0-301F-11D3-BF4B-00C04F79EFBC}") = "AdvanceFPS2", "Assembly-CSharp-Editor-firstpass.csproj", "{B629B115-B895-C833-B962-A8123A47FEF2}"
EndProject
Global
	GlobalSection(SolutionConfigurationPlatforms) = preSolution
		Debug|Any CPU = Debug|Any CPU
		Release|Any CPU = Release|Any CPU
	EndGlobalSection
	GlobalSection(ProjectConfigurationPlatforms) = postSolution
		{783FFDB7-BD9D-7AA0-AC6D-08EBCCF9C7B7}.Debug|Any CPU.ActiveCfg = Debug|Any CPU
		{783FFDB7-BD9D-7AA0-AC6D-08EBCCF9C7B7}.Debug|Any CPU.Build.0 = Debug|Any CPU
		{783FFDB7-BD9D-7AA0-AC6D-08EBCCF9C7B7}.Release|Any CPU.ActiveCfg = Release|Any CPU
		{783FFDB7-BD9D-7AA0-AC6D-08EBCCF9C7B7}.Release|Any CPU.Build.0 = Release|Any CPU
		{B4E8B6C4-698C-2A17-7B24-3C7179D4CDB1}.Debug|Any CPU.ActiveCfg = Debug|Any CPU
		{B4E8B6C4-698C-2A17-7B24-3C7179D4CDB1}.Debug|Any CPU.Build.0 = Debug|Any CPU
		{B4E8B6C4-698C-2A17-7B24-3C7179D4CDB1}.Release|Any CPU.ActiveCfg = Release|Any CPU
		{B4E8B6C4-698C-2A17-7B24-3C7179D4CDB1}.Release|Any CPU.Build.0 = Release|Any CPU
		{B629B115-B895-C833-B962-A8123A47FEF2}.Debug|Any CPU.ActiveCfg = Debug|Any CPU
		{B629B115-B895-C833-B962-A8123A47FEF2}.Debug|Any CPU.Build.0 = Debug|Any CPU
		{B629B115-B895-C833-B962-A8123A47FEF2}.Release|Any CPU.ActiveCfg = Release|Any CPU
		{B629B115-B895-C833-B962-A8123A47FEF2}.Release|Any CPU.Build.0 = Release|Any CPU
	EndGlobalSection
	GlobalSection(SolutionProperties) = preSolution
		HideSolutionNode = FALSE
	EndGlobalSection
	GlobalSection(MonoDevelopProperties) = preSolution
		StartupItem = Assembly-CSharp.csproj
	EndGlobalSection
EndGlobal
